{"1.2.0",
[{<<"cowboy">>,{pkg,<<"cowboy">>,<<"2.9.0">>},0},
 {<<"cowlib">>,{pkg,<<"cowlib">>,<<"2.11.0">>},1},
 {<<"gdminus">>,{pkg,<<"gdminus">>,<<"1.1.0">>},0},
 {<<"gproc">>,{pkg,<<"gproc">>,<<"0.9.0">>},0},
 {<<"ranch">>,{pkg,<<"ranch">>,<<"1.8.0">>},1}]}.
[
{pkg_hash,[
 {<<"cowboy">>, <<"865DD8B6607E14CF03282E10E934023A1BD8BE6F6BACF921A7E2A96D800CD452">>},
 {<<"cowlib">>, <<"0B9FF9C346629256C42EBE1EEB769A83C6CB771A6EE5960BD110AB0B9B872063">>},
 {<<"gdminus">>, <<"539B2EF8030D355B94A3008D95F6A485C4F55314DE80970C1164ED6EC7F4A124">>},
 {<<"gproc">>, <<"853CCB7805E9ADA25D227A157BA966F7B34508F386A3E7E21992B1B484230699">>},
 {<<"ranch">>, <<"8C7A100A139FD57F17327B6413E4167AC559FBC04CA7448E9BE9057311597A1D">>}]},
{pkg_hash_ext,[
 {<<"cowboy">>, <<"2C729F934B4E1AA149AFF882F57C6372C15399A20D54F65C8D67BEF583021BDE">>},
 {<<"cowlib">>, <<"2B3E9DA0B21C4565751A6D4901C20D1B4CC25CBB7FD50D91D2AB6DD287BC86A9">>},
 {<<"gdminus">>, <<"9995DC6FD574F30E1C97883F881394ABBD58E548CDD08F140F1FC33360678B1A">>},
 {<<"gproc">>, <<"587E8AF698CCD3504CF4BA8D90F893EDE2B0F58CABB8A916E2BF9321DE3CF10B">>},
 {<<"ranch">>, <<"49FBCFD3682FAB1F5D109351B61257676DA1A2FDBE295904176D5E521A2DDFE5">>}]}
].
