{"1.2.0",
[{<<"bbmustache">>,{pkg,<<"bbmustache">>,<<"1.12.1">>},0},
 {<<"cowboy">>,{pkg,<<"cowboy">>,<<"2.9.0">>},0},
 {<<"cowlib">>,{pkg,<<"cowlib">>,<<"2.11.0">>},1},
 {<<"erlquad">>,{pkg,<<"erlquad">>,<<"1.1.2">>},0},
 {<<"gdminus">>,{pkg,<<"gdminus">>,<<"1.2.0">>},0},
 {<<"gproc">>,{pkg,<<"gproc">>,<<"0.9.0">>},0},
 {<<"prometheus">>,{pkg,<<"prometheus">>,<<"4.8.1">>},0},
 {<<"quantile_estimator">>,{pkg,<<"quantile_estimator">>,<<"0.2.1">>},1},
 {<<"ranch">>,{pkg,<<"ranch">>,<<"1.8.0">>},1}]}.
[
{pkg_hash,[
 {<<"bbmustache">>, <<"857FBDF86BDA46D07201B0E7A969820CB763A7C174C485FD0780D7E033EFE9F0">>},
 {<<"cowboy">>, <<"865DD8B6607E14CF03282E10E934023A1BD8BE6F6BACF921A7E2A96D800CD452">>},
 {<<"cowlib">>, <<"0B9FF9C346629256C42EBE1EEB769A83C6CB771A6EE5960BD110AB0B9B872063">>},
 {<<"erlquad">>, <<"7C0FAB54F86C53DF830E77D5391AAB75C46BC684890864FC73D1EA4C2243ECFD">>},
 {<<"gdminus">>, <<"B922127F002F0DAF3EAD742E5BCE936F64AB6D6D3149DA934838B5BA389669D8">>},
 {<<"gproc">>, <<"853CCB7805E9ADA25D227A157BA966F7B34508F386A3E7E21992B1B484230699">>},
 {<<"prometheus">>, <<"FA76B152555273739C14B06F09F485CF6D5D301FE4E9D31B7FF803D26025D7A0">>},
 {<<"quantile_estimator">>, <<"EF50A361F11B5F26B5F16D0696E46A9E4661756492C981F7B2229EF42FF1CD15">>},
 {<<"ranch">>, <<"8C7A100A139FD57F17327B6413E4167AC559FBC04CA7448E9BE9057311597A1D">>}]},
{pkg_hash_ext,[
 {<<"bbmustache">>, <<"F4320778C31A821A2A664DB8894618ABB79C1AF7BBF7C03C703C8868D9BB09FE">>},
 {<<"cowboy">>, <<"2C729F934B4E1AA149AFF882F57C6372C15399A20D54F65C8D67BEF583021BDE">>},
 {<<"cowlib">>, <<"2B3E9DA0B21C4565751A6D4901C20D1B4CC25CBB7FD50D91D2AB6DD287BC86A9">>},
 {<<"erlquad">>, <<"EA368BD1E0FD03391513080D6264466E897B41C6099C81A0AE783B7FF29DFE6B">>},
 {<<"gdminus">>, <<"565A2F0E4BF6A90BC76115CDE418888CDB71EAA4A7D9299E3B817DABF0478D4C">>},
 {<<"gproc">>, <<"587E8AF698CCD3504CF4BA8D90F893EDE2B0F58CABB8A916E2BF9321DE3CF10B">>},
 {<<"prometheus">>, <<"6EDFBE928D271C7F657A6F2C46258738086584BD6CAE4A000B8B9A6009BA23A5">>},
 {<<"quantile_estimator">>, <<"282A8A323CA2A845C9E6F787D166348F776C1D4A41EDE63046D72D422E3DA946">>},
 {<<"ranch">>, <<"49FBCFD3682FAB1F5D109351B61257676DA1A2FDBE295904176D5E521A2DDFE5">>}]}
].
